// !$*UTF8*$!
{
	archiveVersion = 1;
	classes = {
	};
	objectVersion = 46;
	objects = {

/* Begin PBXBuildFile section */
		DB6060011FECD337007A94CA /* main.c in Sources */ = {isa = PBXBuildFile; fileRef = DB6060001FECD337007A94CA /* main.c */; };
		DB6060091FECD7C9007A94CA /* processor.c in Sources */ = {isa = PBXBuildFile; fileRef = DB6060071FECD7C9007A94CA /* processor.c */; };
		DB60600C1FECD7E4007A94CA /* main_registers.c in Sources */ = {isa = PBXBuildFile; fileRef = DB60600A1FECD7E4007A94CA /* main_registers.c */; };
		DB60600F1FECEEB6007A94CA /* decoder.c in Sources */ = {isa = PBXBuildFile; fileRef = DB60600D1FECEEB6007A94CA /* decoder.c */; };
		DB6060121FECEF17007A94CA /* constants.c in Sources */ = {isa = PBXBuildFile; fileRef = DB6060101FECEF17007A94CA /* constants.c */; };
/* End PBXBuildFile section */

/* Begin PBXCopyFilesBuildPhase section */
		DB605FFB1FECD337007A94CA /* CopyFiles */ = {
			isa = PBXCopyFilesBuildPhase;
			buildActionMask = 2147483647;
			dstPath = /usr/share/man/man1/;
			dstSubfolderSpec = 0;
			files = (
			);
			runOnlyForDeploymentPostprocessing = 1;
		};
/* End PBXCopyFilesBuildPhase section */

/* Begin PBXFileReference section */
		DB605FFD1FECD337007A94CA /* CGBEmulator */ = {isa = PBXFileReference; explicitFileType = "compiled.mach-o.executable"; includeInIndex = 0; path = CGBEmulator; sourceTree = BUILT_PRODUCTS_DIR; };
		DB6060001FECD337007A94CA /* main.c */ = {isa = PBXFileReference; lastKnownFileType = sourcecode.c.c; path = main.c; sourceTree = "<group>"; };
		DB6060071FECD7C9007A94CA /* processor.c */ = {isa = PBXFileReference; fileEncoding = 4; lastKnownFileType = sourcecode.c.c; path = processor.c; sourceTree = "<group>"; };
		DB6060081FECD7C9007A94CA /* processor.h */ = {isa = PBXFileReference; fileEncoding = 4; lastKnownFileType = sourcecode.c.h; path = processor.h; sourceTree = "<group>"; };
		DB60600A1FECD7E4007A94CA /* main_registers.c */ = {isa = PBXFileReference; fileEncoding = 4; lastKnownFileType = sourcecode.c.c; path = main_registers.c; sourceTree = "<group>"; };
		DB60600B1FECD7E4007A94CA /* main_registers.h */ = {isa = PBXFileReference; fileEncoding = 4; lastKnownFileType = sourcecode.c.h; path = main_registers.h; sourceTree = "<group>"; };
		DB60600D1FECEEB6007A94CA /* decoder.c */ = {isa = PBXFileReference; fileEncoding = 4; lastKnownFileType = sourcecode.c.c; path = decoder.c; sourceTree = "<group>"; };
		DB60600E1FECEEB6007A94CA /* decoder.h */ = {isa = PBXFileReference; fileEncoding = 4; lastKnownFileType = sourcecode.c.h; path = decoder.h; sourceTree = "<group>"; };
		DB6060101FECEF17007A94CA /* constants.c */ = {isa = PBXFileReference; fileEncoding = 4; lastKnownFileType = sourcecode.c.c; path = constants.c; sourceTree = "<group>"; };
/* End PBXFileReference section */

/* Begin PBXFrameworksBuildPhase section */
		DB605FFA1FECD337007A94CA /* Frameworks */ = {
			isa = PBXFrameworksBuildPhase;
			buildActionMask = 2147483647;
			files = (
			);
			runOnlyForDeploymentPostprocessing = 0;
		};
/* End PBXFrameworksBuildPhase section */

/* Begin PBXGroup section */
		DB605FF41FECD337007A94CA = {
			isa = PBXGroup;
			children = (
				DB605FFF1FECD337007A94CA /* CGBEmulator */,
				DB605FFE1FECD337007A94CA /* Products */,
			);
			sourceTree = "<group>";
		};
		DB605FFE1FECD337007A94CA /* Products */ = {
			isa = PBXGroup;
			children = (
				DB605FFD1FECD337007A94CA /* CGBEmulator */,
			);
			name = Products;
			sourceTree = "<group>";
		};
		DB605FFF1FECD337007A94CA /* CGBEmulator */ = {
			isa = PBXGroup;
			children = (
				DB6060001FECD337007A94CA /* main.c */,
				DB6060071FECD7C9007A94CA /* processor.c */,
				DB6060081FECD7C9007A94CA /* processor.h */,
				DB60600A1FECD7E4007A94CA /* main_registers.c */,
				DB60600B1FECD7E4007A94CA /* main_registers.h */,
				DB60600D1FECEEB6007A94CA /* decoder.c */,
				DB60600E1FECEEB6007A94CA /* decoder.h */,
				DB6060101FECEF17007A94CA /* constants.c */,
			);
			path = CGBEmulator;
			sourceTree = "<group>";
		};
/* End PBXGroup section */

/* Begin PBXNativeTarget section */
		DB605FFC1FECD337007A94CA /* CGBEmulator */ = {
			isa = PBXNativeTarget;
			buildConfigurationList = DB6060041FECD337007A94CA /* Build configuration list for PBXNativeTarget "CGBEmulator" */;
			buildPhases = (
				DB605FF91FECD337007A94CA /* Sources */,
				DB605FFA1FECD337007A94CA /* Frameworks */,
				DB605FFB1FECD337007A94CA /* CopyFiles */,
			);
			buildRules = (
			);
			dependencies = (
			);
			name = CGBEmulator;
			productName = CGBEmulator;
			productReference = DB605FFD1FECD337007A94CA /* CGBEmulator */;
			productType = "com.apple.product-type.tool";
		};
/* End PBXNativeTarget section */

/* Begin PBXProject section */
		DB605FF51FECD337007A94CA /* Project object */ = {
			isa = PBXProject;
			attributes = {
				LastUpgradeCheck = 0830;
				ORGANIZATIONNAME = "Peter Fetros";
				TargetAttributes = {
					DB605FFC1FECD337007A94CA = {
						CreatedOnToolsVersion = 8.3.3;
						ProvisioningStyle = Automatic;
					};
				};
			};
			buildConfigurationList = DB605FF81FECD337007A94CA /* Build configuration list for PBXProject "CGBEmulator" */;
			compatibilityVersion = "Xcode 3.2";
			developmentRegion = English;
			hasScannedForEncodings = 0;
			knownRegions = (
				en,
			);
			mainGroup = DB605FF41FECD337007A94CA;
			productRefGroup = DB605FFE1FECD337007A94CA /* Products */;
			projectDirPath = "";
			projectRoot = "";
			targets = (
				DB605FFC1FECD337007A94CA /* CGBEmulator */,
			);
		};
/* End PBXProject section */

/* Begin PBXSourcesBuildPhase section */
		DB605FF91FECD337007A94CA /* Sources */ = {
			isa = PBXSourcesBuildPhase;
			buildActionMask = 2147483647;
			files = (
				DB6060121FECEF17007A94CA /* constants.c in Sources */,
				DB60600F1FECEEB6007A94CA /* decoder.c in Sources */,
				DB6060091FECD7C9007A94CA /* processor.c in Sources */,
				DB6060011FECD337007A94CA /* main.c in Sources */,
				DB60600C1FECD7E4007A94CA /* main_registers.c in Sources */,
			);
			runOnlyForDeploymentPostprocessing = 0;
		};
/* End PBXSourcesBuildPhase section */

/* Begin XCBuildConfiguration section */
		DB6060021FECD337007A94CA /* Debug */ = {
			isa = XCBuildConfiguration;
			buildSettings = {
				ALWAYS_SEARCH_USER_PATHS = NO;
				CLANG_ANALYZER_NONNULL = YES;
				CLANG_ANALYZER_NUMBER_OBJECT_CONVERSION = YES_AGGRESSIVE;
				CLANG_CXX_LANGUAGE_STANDARD = "gnu++0x";
				CLANG_CXX_LIBRARY = "libc++";
				CLANG_ENABLE_MODULES = YES;
				CLANG_ENABLE_OBJC_ARC = YES;
				CLANG_WARN_BOOL_CONVERSION = YES;
				CLANG_WARN_CONSTANT_CONVERSION = YES;
				CLANG_WARN_DIRECT_OBJC_ISA_USAGE = YES_ERROR;
				CLANG_WARN_DOCUMENTATION_COMMENTS = YES;
				CLANG_WARN_EMPTY_BODY = YES;
				CLANG_WARN_ENUM_CONVERSION = YES;
				CLANG_WARN_INFINITE_RECURSION = YES;
				CLANG_WARN_INT_CONVERSION = YES;
				CLANG_WARN_OBJC_ROOT_CLASS = YES_ERROR;
				CLANG_WARN_SUSPICIOUS_MOVE = YES;
				CLANG_WARN_UNREACHABLE_CODE = YES;
				CLANG_WARN__DUPLICATE_METHOD_MATCH = YES;
				CODE_SIGN_IDENTITY = "-";
				COPY_PHASE_STRIP = NO;
				DEBUG_INFORMATION_FORMAT = dwarf;
				ENABLE_STRICT_OBJC_MSGSEND = YES;
				ENABLE_TESTABILITY = YES;
				GCC_C_LANGUAGE_STANDARD = gnu99;
				GCC_DYNAMIC_NO_PIC = NO;
				GCC_NO_COMMON_BLOCKS = YES;
				GCC_OPTIMIZATION_LEVEL = 0;
				GCC_PREPROCESSOR_DEFINITIONS = (
					"DEBUG=1",
					"$(inherited)",
				);
				GCC_WARN_64_TO_32_BIT_CONVERSION = YES;
				GCC_WARN_ABOUT_RETURN_TYPE = YES_ERROR;
				GCC_WARN_UNDECLARED_SELECTOR = YES;
				GCC_WARN_UNINITIALIZED_AUTOS = YES_AGGRESSIVE;
				GCC_WARN_UNUSED_FUNCTION = YES;
				GCC_WARN_UNUSED_VARIABLE = YES;
				MACOSX_DEPLOYMENT_TARGET = 10.12;
				MTL_ENABLE_DEBUG_INFO = YES;
				ONLY_ACTIVE_ARCH = YES;
				SDKROOT = macosx;
			};
			name = Debug;
		};
		DB6060031FECD337007A94CA /* Release */ = {
			isa = XCBuildConfiguration;
			buildSettings = {
				ALWAYS_SEARCH_USER_PATHS = NO;
				CLANG_ANALYZER_NONNULL = YES;
				CLANG_ANALYZER_NUMBER_OBJECT_CONVERSION = YES_AGGRESSIVE;
				CLANG_CXX_LANGUAGE_STANDARD = "gnu++0x";
				CLANG_CXX_LIBRARY = "libc++";
				CLANG_ENABLE_MODULES = YES;
				CLANG_ENABLE_OBJC_ARC = YES;
				CLANG_WARN_BOOL_CONVERSION = YES;
				CLANG_WARN_CONSTANT_CONVERSION = YES;
				CLANG_WARN_DIRECT_OBJC_ISA_USAGE = YES_ERROR;
				CLANG_WARN_DOCUMENTATION_COMMENTS = YES;
				CLANG_WARN_EMPTY_BODY = YES;
				CLANG_WARN_ENUM_CONVERSION = YES;
				CLANG_WARN_INFINITE_RECURSION = YES;
				CLANG_WARN_INT_CONVERSION = YES;
				CLANG_WARN_OBJC_ROOT_CLASS = YES_ERROR;
				CLANG_WARN_SUSPICIOUS_MOVE = YES;
				CLANG_WARN_UNREACHABLE_CODE = YES;
				CLANG_WARN__DUPLICATE_METHOD_MATCH = YES;
				CODE_SIGN_IDENTITY = "-";
				COPY_PHASE_STRIP = NO;
				DEBUG_INFORMATION_FORMAT = "dwarf-with-dsym";
				ENABLE_NS_ASSERTIONS = NO;
				ENABLE_STRICT_OBJC_MSGSEND = YES;
				GCC_C_LANGUAGE_STANDARD = gnu99;
				GCC_NO_COMMON_BLOCKS = YES;
				GCC_WARN_64_TO_32_BIT_CONVERSION = YES;
				GCC_WARN_ABOUT_RETURN_TYPE = YES_ERROR;
				GCC_WARN_UNDECLARED_SELECTOR = YES;
				GCC_WARN_UNINITIALIZED_AUTOS = YES_AGGRESSIVE;
				GCC_WARN_UNUSED_FUNCTION = YES;
				GCC_WARN_UNUSED_VARIABLE = YES;
				MACOSX_DEPLOYMENT_TARGET = 10.12;
				MTL_ENABLE_DEBUG_INFO = NO;
				SDKROOT = macosx;
			};
			name = Release;
		};
		DB6060051FECD337007A94CA /* Debug */ = {
			isa = XCBuildConfiguration;
			buildSettings = {
				PRODUCT_NAME = "$(TARGET_NAME)";
			};
			name = Debug;
		};
		DB6060061FECD337007A94CA /* Release */ = {
			isa = XCBuildConfiguration;
			buildSettings = {
				PRODUCT_NAME = "$(TARGET_NAME)";
			};
			name = Release;
		};
/* End XCBuildConfiguration section */

/* Begin XCConfigurationList section */
		DB605FF81FECD337007A94CA /* Build configuration list for PBXProject "CGBEmulator" */ = {
			isa = XCConfigurationList;
			buildConfigurations = (
				DB6060021FECD337007A94CA /* Debug */,
				DB6060031FECD337007A94CA /* Release */,
			);
			defaultConfigurationIsVisible = 0;
			defaultConfigurationName = Release;
		};
		DB6060041FECD337007A94CA /* Build configuration list for PBXNativeTarget "CGBEmulator" */ = {
			isa = XCConfigurationList;
			buildConfigurations = (
				DB6060051FECD337007A94CA /* Debug */,
				DB6060061FECD337007A94CA /* Release */,
			);
			defaultConfigurationIsVisible = 0;
		};
/* End XCConfigurationList section */
	};
	rootObject = DB605FF51FECD337007A94CA /* Project object */;
}
